// !$*UTF8*$!
{
	archiveVersion = 1;
	classes = {
	};
	objectVersion = 46;
	objects = {

/* Begin PBXBuildFile section */
		FCFDC5D619C91BB300747DA2 /* AppDelegate.swift in Sources */ = {isa = PBXBuildFile; fileRef = FCFDC5D519C91BB300747DA2 /* AppDelegate.swift */; };
		FCFDC5D819C91BB300747DA2 /* ViewController.swift in Sources */ = {isa = PBXBuildFile; fileRef = FCFDC5D719C91BB300747DA2 /* ViewController.swift */; };
		FCFDC5DB19C91BB300747DA2 /* Main.storyboard in Resources */ = {isa = PBXBuildFile; fileRef = FCFDC5D919C91BB300747DA2 /* Main.storyboard */; };
		FCFDC5DD19C91BB300747DA2 /* Images.xcassets in Resources */ = {isa = PBXBuildFile; fileRef = FCFDC5DC19C91BB300747DA2 /* Images.xcassets */; };
		FCFDC5E019C91BB300747DA2 /* LaunchScreen.xib in Resources */ = {isa = PBXBuildFile; fileRef = FCFDC5DE19C91BB300747DA2 /* LaunchScreen.xib */; };
		FCFDC5EC19C91BB300747DA2 /* PostcardTests.swift in Sources */ = {isa = PBXBuildFile; fileRef = FCFDC5EB19C91BB300747DA2 /* PostcardTests.swift */; };
		FCFDC5F619C924E500747DA2 /* 52544190e8e44eff020006cf_ad-classics-la-sagrada-familia-antoni-gaudi_sfpassio-908x1000.jpg in Resources */ = {isa = PBXBuildFile; fileRef = FCFDC5F519C924E500747DA2 /* 52544190e8e44eff020006cf_ad-classics-la-sagrada-familia-antoni-gaudi_sfpassio-908x1000.jpg */; };
		FCFDC5F819C929F600747DA2 /* AlbertEinsteinStamp.jpg in Resources */ = {isa = PBXBuildFile; fileRef = FCFDC5F719C929F600747DA2 /* AlbertEinsteinStamp.jpg */; };
/* End PBXBuildFile section */

/* Begin PBXContainerItemProxy section */
		FCFDC5E619C91BB300747DA2 /* PBXContainerItemProxy */ = {
			isa = PBXContainerItemProxy;
			containerPortal = FCFDC5C819C91BB300747DA2 /* Project object */;
			proxyType = 1;
			remoteGlobalIDString = FCFDC5CF19C91BB300747DA2;
			remoteInfo = Postcard;
		};
/* End PBXContainerItemProxy section */

/* Begin PBXFileReference section */
		FCFDC5D019C91BB300747DA2 /* Postcard.app */ = {isa = PBXFileReference; explicitFileType = wrapper.application; includeInIndex = 0; path = Postcard.app; sourceTree = BUILT_PRODUCTS_DIR; };
		FCFDC5D419C91BB300747DA2 /* Info.plist */ = {isa = PBXFileReference; lastKnownFileType = text.plist.xml; path = Info.plist; sourceTree = "<group>"; };
		FCFDC5D519C91BB300747DA2 /* AppDelegate.swift */ = {isa = PBXFileReference; lastKnownFileType = sourcecode.swift; path = AppDelegate.swift; sourceTree = "<group>"; };
		FCFDC5D719C91BB300747DA2 /* ViewController.swift */ = {isa = PBXFileReference; lastKnownFileType = sourcecode.swift; path = ViewController.swift; sourceTree = "<group>"; };
		FCFDC5DA19C91BB300747DA2 /* Base */ = {isa = PBXFileReference; lastKnownFileType = file.storyboard; name = Base; path = Base.lproj/Main.storyboard; sourceTree = "<group>"; };
		FCFDC5DC19C91BB300747DA2 /* Images.xcassets */ = {isa = PBXFileReference; lastKnownFileType = folder.assetcatalog; path = Images.xcassets; sourceTree = "<group>"; };
		FCFDC5DF19C91BB300747DA2 /* Base */ = {isa = PBXFileReference; lastKnownFileType = file.xib; name = Base; path = Base.lproj/LaunchScreen.xib; sourceTree = "<group>"; };
		FCFDC5E519C91BB300747DA2 /* PostcardTests.xctest */ = {isa = PBXFileReference; explicitFileType = wrapper.cfbundle; includeInIndex = 0; path = PostcardTests.xctest; sourceTree = BUILT_PRODUCTS_DIR; };
		FCFDC5EA19C91BB300747DA2 /* Info.plist */ = {isa = PBXFileReference; lastKnownFileType = text.plist.xml; path = Info.plist; sourceTree = "<group>"; };
		FCFDC5EB19C91BB300747DA2 /* PostcardTests.swift */ = {isa = PBXFileReference; lastKnownFileType = sourcecode.swift; path = PostcardTests.swift; sourceTree = "<group>"; };
		FCFDC5F519C924E500747DA2 /* 52544190e8e44eff020006cf_ad-classics-la-sagrada-familia-antoni-gaudi_sfpassio-908x1000.jpg */ = {isa = PBXFileReference; lastKnownFileType = image.jpeg; path = "52544190e8e44eff020006cf_ad-classics-la-sagrada-familia-antoni-gaudi_sfpassio-908x1000.jpg"; sourceTree = "<group>"; };
		FCFDC5F719C929F600747DA2 /* AlbertEinsteinStamp.jpg */ = {isa = PBXFileReference; lastKnownFileType = image.jpeg; path = AlbertEinsteinStamp.jpg; sourceTree = "<group>"; };
/* End PBXFileReference section */

/* Begin PBXFrameworksBuildPhase section */
		FCFDC5CD19C91BB300747DA2 /* Frameworks */ = {
			isa = PBXFrameworksBuildPhase;
			buildActionMask = 2147483647;
			files = (
			);
			runOnlyForDeploymentPostprocessing = 0;
		};
		FCFDC5E219C91BB300747DA2 /* Frameworks */ = {
			isa = PBXFrameworksBuildPhase;
			buildActionMask = 2147483647;
			files = (
			);
			runOnlyForDeploymentPostprocessing = 0;
		};
/* End PBXFrameworksBuildPhase section */

/* Begin PBXGroup section */
		FCFDC5C719C91BB300747DA2 = {
			isa = PBXGroup;
			children = (
				FCFDC5D219C91BB300747DA2 /* Postcard */,
				FCFDC5E819C91BB300747DA2 /* PostcardTests */,
				FCFDC5D119C91BB300747DA2 /* Products */,
			);
			sourceTree = "<group>";
		};
		FCFDC5D119C91BB300747DA2 /* Products */ = {
			isa = PBXGroup;
			children = (
				FCFDC5D019C91BB300747DA2 /* Postcard.app */,
				FCFDC5E519C91BB300747DA2 /* PostcardTests.xctest */,
			);
			name = Products;
			sourceTree = "<group>";
		};
		FCFDC5D219C91BB300747DA2 /* Postcard */ = {
			isa = PBXGroup;
			children = (
				FCFDC5D519C91BB300747DA2 /* AppDelegate.swift */,
				FCFDC5D719C91BB300747DA2 /* ViewController.swift */,
				FCFDC5D919C91BB300747DA2 /* Main.storyboard */,
				FCFDC5DC19C91BB300747DA2 /* Images.xcassets */,
				FCFDC5DE19C91BB300747DA2 /* LaunchScreen.xib */,
				FCFDC5D319C91BB300747DA2 /* Supporting Files */,
			);
			path = Postcard;
			sourceTree = "<group>";
		};
		FCFDC5D319C91BB300747DA2 /* Supporting Files */ = {
			isa = PBXGroup;
			children = (
				FCFDC5F719C929F600747DA2 /* AlbertEinsteinStamp.jpg */,
				FCFDC5F519C924E500747DA2 /* 52544190e8e44eff020006cf_ad-classics-la-sagrada-familia-antoni-gaudi_sfpassio-908x1000.jpg */,
				FCFDC5D419C91BB300747DA2 /* Info.plist */,
			);
			name = "Supporting Files";
			sourceTree = "<group>";
		};
		FCFDC5E819C91BB300747DA2 /* PostcardTests */ = {
			isa = PBXGroup;
			children = (
				FCFDC5EB19C91BB300747DA2 /* PostcardTests.swift */,
				FCFDC5E919C91BB300747DA2 /* Supporting Files */,
			);
			path = PostcardTests;
			sourceTree = "<group>";
		};
		FCFDC5E919C91BB300747DA2 /* Supporting Files */ = {
			isa = PBXGroup;
			children = (
				FCFDC5EA19C91BB300747DA2 /* Info.plist */,
			);
			name = "Supporting Files";
			sourceTree = "<group>";
		};
/* End PBXGroup section */

/* Begin PBXNativeTarget section */
		FCFDC5CF19C91BB300747DA2 /* Postcard */ = {
			isa = PBXNativeTarget;
			buildConfigurationList = FCFDC5EF19C91BB400747DA2 /* Build configuration list for PBXNativeTarget "Postcard" */;
			buildPhases = (
				FCFDC5CC19C91BB300747DA2 /* Sources */,
				FCFDC5CD19C91BB300747DA2 /* Frameworks */,
				FCFDC5CE19C91BB300747DA2 /* Resources */,
			);
			buildRules = (
			);
			dependencies = (
			);
			name = Postcard;
			productName = Postcard;
			productReference = FCFDC5D019C91BB300747DA2 /* Postcard.app */;
			productType = "com.apple.product-type.application";
		};
		FCFDC5E419C91BB300747DA2 /* PostcardTests */ = {
			isa = PBXNativeTarget;
			buildConfigurationList = FCFDC5F219C91BB400747DA2 /* Build configuration list for PBXNativeTarget "PostcardTests" */;
			buildPhases = (
				FCFDC5E119C91BB300747DA2 /* Sources */,
				FCFDC5E219C91BB300747DA2 /* Frameworks */,
				FCFDC5E319C91BB300747DA2 /* Resources */,
			);
			buildRules = (
			);
			dependencies = (
				FCFDC5E719C91BB300747DA2 /* PBXTargetDependency */,
			);
			name = PostcardTests;
			productName = PostcardTests;
			productReference = FCFDC5E519C91BB300747DA2 /* PostcardTests.xctest */;
			productType = "com.apple.product-type.bundle.unit-test";
		};
/* End PBXNativeTarget section */

/* Begin PBXProject section */
		FCFDC5C819C91BB300747DA2 /* Project object */ = {
			isa = PBXProject;
			attributes = {
				LastUpgradeCheck = 0600;
				ORGANIZATIONNAME = "Jonathan Martini";
				TargetAttributes = {
					FCFDC5CF19C91BB300747DA2 = {
						CreatedOnToolsVersion = 6.0;
					};
					FCFDC5E419C91BB300747DA2 = {
						CreatedOnToolsVersion = 6.0;
						TestTargetID = FCFDC5CF19C91BB300747DA2;
					};
				};
			};
			buildConfigurationList = FCFDC5CB19C91BB300747DA2 /* Build configuration list for PBXProject "Postcard" */;
			compatibilityVersion = "Xcode 3.2";
			developmentRegion = English;
			hasScannedForEncodings = 0;
			knownRegions = (
				en,
				Base,
			);
			mainGroup = FCFDC5C719C91BB300747DA2;
			productRefGroup = FCFDC5D119C91BB300747DA2 /* Products */;
			projectDirPath = "";
			projectRoot = "";
			targets = (
				FCFDC5CF19C91BB300747DA2 /* Postcard */,
				FCFDC5E419C91BB300747DA2 /* PostcardTests */,
			);
		};
/* End PBXProject section */

/* Begin PBXResourcesBuildPhase section */
		FCFDC5CE19C91BB300747DA2 /* Resources */ = {
			isa = PBXResourcesBuildPhase;
			buildActionMask = 2147483647;
			files = (
				FCFDC5DB19C91BB300747DA2 /* Main.storyboard in Resources */,
				FCFDC5E019C91BB300747DA2 /* LaunchScreen.xib in Resources */,
				FCFDC5F819C929F600747DA2 /* AlbertEinsteinStamp.jpg in Resources */,
				FCFDC5F619C924E500747DA2 /* 52544190e8e44eff020006cf_ad-classics-la-sagrada-familia-antoni-gaudi_sfpassio-908x1000.jpg in Resources */,
				FCFDC5DD19C91BB300747DA2 /* Images.xcassets in Resources */,
			);
			runOnlyForDeploymentPostprocessing = 0;
		};
		FCFDC5E319C91BB300747DA2 /* Resources */ = {
			isa = PBXResourcesBuildPhase;
			buildActionMask = 2147483647;
			files = (
			);
			runOnlyForDeploymentPostprocessing = 0;
		};
/* End PBXResourcesBuildPhase section */

/* Begin PBXSourcesBuildPhase section */
		FCFDC5CC19C91BB300747DA2 /* Sources */ = {
			isa = PBXSourcesBuildPhase;
			buildActionMask = 2147483647;
			files = (
				FCFDC5D819C91BB300747DA2 /* ViewController.swift in Sources */,
				FCFDC5D619C91BB300747DA2 /* AppDelegate.swift in Sources */,
			);
			runOnlyForDeploymentPostprocessing = 0;
		};
		FCFDC5E119C91BB300747DA2 /* Sources */ = {
			isa = PBXSourcesBuildPhase;
			buildActionMask = 2147483647;
			files = (
				FCFDC5EC19C91BB300747DA2 /* PostcardTests.swift in Sources */,
			);
			runOnlyForDeploymentPostprocessing = 0;
		};
/* End PBXSourcesBuildPhase section */

/* Begin PBXTargetDependency section */
		FCFDC5E719C91BB300747DA2 /* PBXTargetDependency */ = {
			isa = PBXTargetDependency;
			target = FCFDC5CF19C91BB300747DA2 /* Postcard */;
			targetProxy = FCFDC5E619C91BB300747DA2 /* PBXContainerItemProxy */;
		};
/* End PBXTargetDependency section */

/* Begin PBXVariantGroup section */
		FCFDC5D919C91BB300747DA2 /* Main.storyboard */ = {
			isa = PBXVariantGroup;
			children = (
				FCFDC5DA19C91BB300747DA2 /* Base */,
			);
			name = Main.storyboard;
			sourceTree = "<group>";
		};
		FCFDC5DE19C91BB300747DA2 /* LaunchScreen.xib */ = {
			isa = PBXVariantGroup;
			children = (
				FCFDC5DF19C91BB300747DA2 /* Base */,
			);
			name = LaunchScreen.xib;
			sourceTree = "<group>";
		};
/* End PBXVariantGroup section */

/* Begin XCBuildConfiguration section */
		FCFDC5ED19C91BB300747DA2 /* Debug */ = {
			isa = XCBuildConfiguration;
			buildSettings = {
				ALWAYS_SEARCH_USER_PATHS = NO;
				CLANG_CXX_LANGUAGE_STANDARD = "gnu++0x";
				CLANG_CXX_LIBRARY = "libc++";
				CLANG_ENABLE_MODULES = YES;
				CLANG_ENABLE_OBJC_ARC = YES;
				CLANG_WARN_BOOL_CONVERSION = YES;
				CLANG_WARN_CONSTANT_CONVERSION = YES;
				CLANG_WARN_DIRECT_OBJC_ISA_USAGE = YES_ERROR;
				CLANG_WARN_EMPTY_BODY = YES;
				CLANG_WARN_ENUM_CONVERSION = YES;
				CLANG_WARN_INT_CONVERSION = YES;
				CLANG_WARN_OBJC_ROOT_CLASS = YES_ERROR;
				CLANG_WARN_UNREACHABLE_CODE = YES;
				CLANG_WARN__DUPLICATE_METHOD_MATCH = YES;
				"CODE_SIGN_IDENTITY[sdk=iphoneos*]" = "iPhone Developer";
				COPY_PHASE_STRIP = NO;
				ENABLE_STRICT_OBJC_MSGSEND = YES;
				GCC_C_LANGUAGE_STANDARD = gnu99;
				GCC_DYNAMIC_NO_PIC = NO;
				GCC_OPTIMIZATION_LEVEL = 0;
				GCC_PREPROCESSOR_DEFINITIONS = (
					"DEBUG=1",
					"$(inherited)",
				);
				GCC_SYMBOLS_PRIVATE_EXTERN = NO;
				GCC_WARN_64_TO_32_BIT_CONVERSION = YES;
				GCC_WARN_ABOUT_RETURN_TYPE = YES_ERROR;
				GCC_WARN_UNDECLARED_SELECTOR = YES;
				GCC_WARN_UNINITIALIZED_AUTOS = YES_AGGRESSIVE;
				GCC_WARN_UNUSED_FUNCTION = YES;
				GCC_WARN_UNUSED_VARIABLE = YES;
				IPHONEOS_DEPLOYMENT_TARGET = 8.0;
				MTL_ENABLE_DEBUG_INFO = YES;
				ONLY_ACTIVE_ARCH = YES;
				SDKROOT = iphoneos;
				SWIFT_OPTIMIZATION_LEVEL = "-Onone";
			};
			name = Debug;
		};
		FCFDC5EE19C91BB400747DA2 /* Release */ = {
			isa = XCBuildConfiguration;
			buildSettings = {
				ALWAYS_SEARCH_USER_PATHS = NO;
				CLANG_CXX_LANGUAGE_STANDARD = "gnu++0x";
				CLANG_CXX_LIBRARY = "libc++";
				CLANG_ENABLE_MODULES = YES;
				CLANG_ENABLE_OBJC_ARC = YES;
				CLANG_WARN_BOOL_CONVERSION = YES;
				CLANG_WARN_CONSTANT_CONVERSION = YES;
				CLANG_WARN_DIRECT_OBJC_ISA_USAGE = YES_ERROR;
				CLANG_WARN_EMPTY_BODY = YES;
				CLANG_WARN_ENUM_CONVERSION = YES;
				CLANG_WARN_INT_CONVERSION = YES;
				CLANG_WARN_OBJC_ROOT_CLASS = YES_ERROR;
				CLANG_WARN_UNREACHABLE_CODE = YES;
				CLANG_WARN__DUPLICATE_METHOD_MATCH = YES;
				"CODE_SIGN_IDENTITY[sdk=iphoneos*]" = "iPhone Developer";
				COPY_PHASE_STRIP = YES;
				ENABLE_NS_ASSERTIONS = NO;
				ENABLE_STRICT_OBJC_MSGSEND = YES;
				GCC_C_LANGUAGE_STANDARD = gnu99;
				GCC_WARN_64_TO_32_BIT_CONVERSION = YES;
				GCC_WARN_ABOUT_RETURN_TYPE = YES_ERROR;
				GCC_WARN_UNDECLARED_SELECTOR = YES;
				GCC_WARN_UNINITIALIZED_AUTOS = YES_AGGRESSIVE;
				GCC_WARN_UNUSED_FUNCTION = YES;
				GCC_WARN_UNUSED_VARIABLE = YES;
				IPHONEOS_DEPLOYMENT_TARGET = 8.0;
				MTL_ENABLE_DEBUG_INFO = NO;
				SDKROOT = iphoneos;
				VALIDATE_PRODUCT = YES;
			};
			name = Release;
		};
		FCFDC5F019C91BB400747DA2 /* Debug */ = {
			isa = XCBuildConfiguration;
			buildSettings = {
				ASSETCATALOG_COMPILER_APPICON_NAME = AppIcon;
				INFOPLIST_FILE = Postcard/Info.plist;
				LD_RUNPATH_SEARCH_PATHS = "$(inherited) @executable_path/Frameworks";
				PRODUCT_NAME = "$(TARGET_NAME)";
			};
			name = Debug;
		};
		FCFDC5F119C91BB400747DA2 /* Release */ = {
			isa = XCBuildConfiguration;
			buildSettings = {
				ASSETCATALOG_COMPILER_APPICON_NAME = AppIcon;
				INFOPLIST_FILE = Postcard/Info.plist;
				LD_RUNPATH_SEARCH_PATHS = "$(inherited) @executable_path/Frameworks";
				PRODUCT_NAME = "$(TARGET_NAME)";
			};
			name = Release;
		};
		FCFDC5F319C91BB400747DA2 /* Debug */ = {
			isa = XCBuildConfiguration;
			buildSettings = {
				BUNDLE_LOADER = "$(TEST_HOST)";
				FRAMEWORK_SEARCH_PATHS = (
					"$(SDKROOT)/Developer/Library/Frameworks",
					"$(inherited)",
				);
				GCC_PREPROCESSOR_DEFINITIONS = (
					"DEBUG=1",
					"$(inherited)",
				);
				INFOPLIST_FILE = PostcardTests/Info.plist;
				LD_RUNPATH_SEARCH_PATHS = "$(inherited) @executable_path/Frameworks @loader_path/Frameworks";
				PRODUCT_NAME = "$(TARGET_NAME)";
				TEST_HOST = "$(BUILT_PRODUCTS_DIR)/Postcard.app/Postcard";
			};
			name = Debug;
		};
		FCFDC5F419C91BB400747DA2 /* Release */ = {
			isa = XCBuildConfiguration;
			buildSettings = {
				BUNDLE_LOADER = "$(TEST_HOST)";
				FRAMEWORK_SEARCH_PATHS = (
					"$(SDKROOT)/Developer/Library/Frameworks",
					"$(inherited)",
				);
				INFOPLIST_FILE = PostcardTests/Info.plist;
				LD_RUNPATH_SEARCH_PATHS = "$(inherited) @executable_path/Frameworks @loader_path/Frameworks";
				PRODUCT_NAME = "$(TARGET_NAME)";
				TEST_HOST = "$(BUILT_PRODUCTS_DIR)/Postcard.app/Postcard";
			};
			name = Release;
		};
/* End XCBuildConfiguration section */

/* Begin XCConfigurationList section */
		FCFDC5CB19C91BB300747DA2 /* Build configuration list for PBXProject "Postcard" */ = {
			isa = XCConfigurationList;
			buildConfigurations = (
				FCFDC5ED19C91BB300747DA2 /* Debug */,
				FCFDC5EE19C91BB400747DA2 /* Release */,
			);
			defaultConfigurationIsVisible = 0;
			defaultConfigurationName = Release;
		};
		FCFDC5EF19C91BB400747DA2 /* Build configuration list for PBXNativeTarget "Postcard" */ = {
			isa = XCConfigurationList;
			buildConfigurations = (
				FCFDC5F019C91BB400747DA2 /* Debug */,
				FCFDC5F119C91BB400747DA2 /* Release */,
			);
			defaultConfigurationIsVisible = 0;
		};
		FCFDC5F219C91BB400747DA2 /* Build configuration list for PBXNativeTarget "PostcardTests" */ = {
			isa = XCConfigurationList;
			buildConfigurations = (
				FCFDC5F319C91BB400747DA2 /* Debug */,
				FCFDC5F419C91BB400747DA2 /* Release */,
			);
			defaultConfigurationIsVisible = 0;
		};
/* End XCConfigurationList section */
	};
	rootObject = FCFDC5C819C91BB300747DA2 /* Project object */;
}
